
Microsoft Visual Studio Solution File, Format Version 12.00
# Visual Studio 15
VisualStudioVersion = 15.0.26730.16
MinimumVisualStudioVersion = 10.0.40219.1
Project("{FAE04EC0-301F-11D3-BF4B-00C04F79EFBC}") = "01.MaxSequenceOfEqualElements", "01.MaxSequenceOfEqualElements\01.MaxSequenceOfEqualElements.csproj", "{BA78472F-A80F-4B8A-9788-4DECFF8DF3C6}"
EndProject
Project("{FAE04EC0-301F-11D3-BF4B-00C04F79EFBC}") = "02.ChangeList", "02.ChangeList\02.ChangeList.csproj", "{87605A63-7929-4B0D-AEE3-0E8234943588}"
EndProject
Project("{FAE04EC0-301F-11D3-BF4B-00C04F79EFBC}") = "03.SearchForANumber", "03.SearchForANumber\03.SearchForANumber.csproj", "{5E093BDB-6682-47B9-A934-BD18BED90C38}"
EndProject
Project("{FAE04EC0-301F-11D3-BF4B-00C04F79EFBC}") = "07.BombNumbers", "07.BombNumbers\07.BombNumbers.csproj", "{917260EE-D7AA-4D48-A086-7CEBCDB67F4D}"
EndProject
Project("{FAE04EC0-301F-11D3-BF4B-00C04F79EFBC}") = "06.SumReversedNumbers", "06.SumReversedNumbers\06.SumReversedNumbers.csproj", "{BAD643F8-B70C-4386-92AB-1915BFF2A851}"
EndProject
Project("{FAE04EC0-301F-11D3-BF4B-00C04F79EFBC}") = "05.ArrayManipulator", "05.ArrayManipulator\05.ArrayManipulator.csproj", "{2B5BB9F6-2A2A-4C86-9BC2-45D3B445E9D4}"
EndProject
Project("{FAE04EC0-301F-11D3-BF4B-00C04F79EFBC}") = "04.LongestEncreasingSubsequence", "04.LongestEncreasingSubsequence\04.LongestEncreasingSubsequence.csproj", "{0ABEDC69-CA68-4A7F-989D-A70D19EAC5EC}"
EndProject
Global
	GlobalSection(SolutionConfigurationPlatforms) = preSolution
		Debug|Any CPU = Debug|Any CPU
		Release|Any CPU = Release|Any CPU
	EndGlobalSection
	GlobalSection(ProjectConfigurationPlatforms) = postSolution
		{BA78472F-A80F-4B8A-9788-4DECFF8DF3C6}.Debug|Any CPU.ActiveCfg = Debug|Any CPU
		{BA78472F-A80F-4B8A-9788-4DECFF8DF3C6}.Debug|Any CPU.Build.0 = Debug|Any CPU
		{BA78472F-A80F-4B8A-9788-4DECFF8DF3C6}.Release|Any CPU.ActiveCfg = Release|Any CPU
		{BA78472F-A80F-4B8A-9788-4DECFF8DF3C6}.Release|Any CPU.Build.0 = Release|Any CPU
		{87605A63-7929-4B0D-AEE3-0E8234943588}.Debug|Any CPU.ActiveCfg = Debug|Any CPU
		{87605A63-7929-4B0D-AEE3-0E8234943588}.Debug|Any CPU.Build.0 = Debug|Any CPU
		{87605A63-7929-4B0D-AEE3-0E8234943588}.Release|Any CPU.ActiveCfg = Release|Any CPU
		{87605A63-7929-4B0D-AEE3-0E8234943588}.Release|Any CPU.Build.0 = Release|Any CPU
		{5E093BDB-6682-47B9-A934-BD18BED90C38}.Debug|Any CPU.ActiveCfg = Debug|Any CPU
		{5E093BDB-6682-47B9-A934-BD18BED90C38}.Debug|Any CPU.Build.0 = Debug|Any CPU
		{5E093BDB-6682-47B9-A934-BD18BED90C38}.Release|Any CPU.ActiveCfg = Release|Any CPU
		{5E093BDB-6682-47B9-A934-BD18BED90C38}.Release|Any CPU.Build.0 = Release|Any CPU
		{917260EE-D7AA-4D48-A086-7CEBCDB67F4D}.Debug|Any CPU.ActiveCfg = Debug|Any CPU
		{917260EE-D7AA-4D48-A086-7CEBCDB67F4D}.Debug|Any CPU.Build.0 = Debug|Any CPU
		{917260EE-D7AA-4D48-A086-7CEBCDB67F4D}.Release|Any CPU.ActiveCfg = Release|Any CPU
		{917260EE-D7AA-4D48-A086-7CEBCDB67F4D}.Release|Any CPU.Build.0 = Release|Any CPU
		{BAD643F8-B70C-4386-92AB-1915BFF2A851}.Debug|Any CPU.ActiveCfg = Debug|Any CPU
		{BAD643F8-B70C-4386-92AB-1915BFF2A851}.Debug|Any CPU.Build.0 = Debug|Any CPU
		{BAD643F8-B70C-4386-92AB-1915BFF2A851}.Release|Any CPU.ActiveCfg = Release|Any CPU
		{BAD643F8-B70C-4386-92AB-1915BFF2A851}.Release|Any CPU.Build.0 = Release|Any CPU
		{2B5BB9F6-2A2A-4C86-9BC2-45D3B445E9D4}.Debug|Any CPU.ActiveCfg = Debug|Any CPU
		{2B5BB9F6-2A2A-4C86-9BC2-45D3B445E9D4}.Debug|Any CPU.Build.0 = Debug|Any CPU
		{2B5BB9F6-2A2A-4C86-9BC2-45D3B445E9D4}.Release|Any CPU.ActiveCfg = Release|Any CPU
		{2B5BB9F6-2A2A-4C86-9BC2-45D3B445E9D4}.Release|Any CPU.Build.0 = Release|Any CPU
		{0ABEDC69-CA68-4A7F-989D-A70D19EAC5EC}.Debug|Any CPU.ActiveCfg = Debug|Any CPU
		{0ABEDC69-CA68-4A7F-989D-A70D19EAC5EC}.Debug|Any CPU.Build.0 = Debug|Any CPU
		{0ABEDC69-CA68-4A7F-989D-A70D19EAC5EC}.Release|Any CPU.ActiveCfg = Release|Any CPU
		{0ABEDC69-CA68-4A7F-989D-A70D19EAC5EC}.Release|Any CPU.Build.0 = Release|Any CPU
	EndGlobalSection
	GlobalSection(SolutionProperties) = preSolution
		HideSolutionNode = FALSE
	EndGlobalSection
	GlobalSection(ExtensibilityGlobals) = postSolution
		SolutionGuid = {14F32353-B316-46E9-9470-BE080A6BB65C}
	EndGlobalSection
EndGlobal
